// !$*UTF8*$!
{
	archiveVersion = 1;
	classes = {
	};
	objectVersion = 50;
	objects = {

/* Begin PBXBuildFile section */
		F292976D2177859C007FBA46 /* AppDelegate.swift in Sources */ = {isa = PBXBuildFile; fileRef = F292976C2177859C007FBA46 /* AppDelegate.swift */; };
		F292976F2177859C007FBA46 /* ViewController.swift in Sources */ = {isa = PBXBuildFile; fileRef = F292976E2177859C007FBA46 /* ViewController.swift */; };
		F29297722177859C007FBA46 /* Main.storyboard in Resources */ = {isa = PBXBuildFile; fileRef = F29297702177859C007FBA46 /* Main.storyboard */; };
		F29297742177859D007FBA46 /* Assets.xcassets in Resources */ = {isa = PBXBuildFile; fileRef = F29297732177859D007FBA46 /* Assets.xcassets */; };
		F29297772177859D007FBA46 /* LaunchScreen.storyboard in Resources */ = {isa = PBXBuildFile; fileRef = F29297752177859D007FBA46 /* LaunchScreen.storyboard */; };
		F292977F21778BC6007FBA46 /* PersonClass.swift in Sources */ = {isa = PBXBuildFile; fileRef = F292977E21778BC6007FBA46 /* PersonClass.swift */; };
/* End PBXBuildFile section */

/* Begin PBXFileReference section */
		F29297692177859C007FBA46 /* Assesment2 iOS.app */ = {isa = PBXFileReference; explicitFileType = wrapper.application; includeInIndex = 0; path = "Assesment2 iOS.app"; sourceTree = BUILT_PRODUCTS_DIR; };
		F292976C2177859C007FBA46 /* AppDelegate.swift */ = {isa = PBXFileReference; lastKnownFileType = sourcecode.swift; path = AppDelegate.swift; sourceTree = "<group>"; };
		F292976E2177859C007FBA46 /* ViewController.swift */ = {isa = PBXFileReference; lastKnownFileType = sourcecode.swift; path = ViewController.swift; sourceTree = "<group>"; };
		F29297712177859C007FBA46 /* Base */ = {isa = PBXFileReference; lastKnownFileType = file.storyboard; name = Base; path = Base.lproj/Main.storyboard; sourceTree = "<group>"; };
		F29297732177859D007FBA46 /* Assets.xcassets */ = {isa = PBXFileReference; lastKnownFileType = folder.assetcatalog; path = Assets.xcassets; sourceTree = "<group>"; };
		F29297762177859D007FBA46 /* Base */ = {isa = PBXFileReference; lastKnownFileType = file.storyboard; name = Base; path = Base.lproj/LaunchScreen.storyboard; sourceTree = "<group>"; };
		F29297782177859D007FBA46 /* Info.plist */ = {isa = PBXFileReference; lastKnownFileType = text.plist.xml; path = Info.plist; sourceTree = "<group>"; };
		F292977E21778BC6007FBA46 /* PersonClass.swift */ = {isa = PBXFileReference; lastKnownFileType = sourcecode.swift; path = PersonClass.swift; sourceTree = "<group>"; };
/* End PBXFileReference section */

/* Begin PBXFrameworksBuildPhase section */
		F29297662177859C007FBA46 /* Frameworks */ = {
			isa = PBXFrameworksBuildPhase;
			buildActionMask = 2147483647;
			files = (
			);
			runOnlyForDeploymentPostprocessing = 0;
		};
/* End PBXFrameworksBuildPhase section */

/* Begin PBXGroup section */
		F29297602177859C007FBA46 = {
			isa = PBXGroup;
			children = (
				F292976B2177859C007FBA46 /* Assesment2 iOS */,
				F292976A2177859C007FBA46 /* Products */,
			);
			sourceTree = "<group>";
		};
		F292976A2177859C007FBA46 /* Products */ = {
			isa = PBXGroup;
			children = (
				F29297692177859C007FBA46 /* Assesment2 iOS.app */,
			);
			name = Products;
			sourceTree = "<group>";
		};
		F292976B2177859C007FBA46 /* Assesment2 iOS */ = {
			isa = PBXGroup;
			children = (
				F292976C2177859C007FBA46 /* AppDelegate.swift */,
				F292976E2177859C007FBA46 /* ViewController.swift */,
				F29297702177859C007FBA46 /* Main.storyboard */,
				F29297732177859D007FBA46 /* Assets.xcassets */,
				F29297752177859D007FBA46 /* LaunchScreen.storyboard */,
				F29297782177859D007FBA46 /* Info.plist */,
				F292977E21778BC6007FBA46 /* PersonClass.swift */,
			);
			path = "Assesment2 iOS";
			sourceTree = "<group>";
		};
/* End PBXGroup section */

/* Begin PBXNativeTarget section */
		F29297682177859C007FBA46 /* Assesment2 iOS */ = {
			isa = PBXNativeTarget;
			buildConfigurationList = F292977B2177859D007FBA46 /* Build configuration list for PBXNativeTarget "Assesment2 iOS" */;
			buildPhases = (
				F29297652177859C007FBA46 /* Sources */,
				F29297662177859C007FBA46 /* Frameworks */,
				F29297672177859C007FBA46 /* Resources */,
			);
			buildRules = (
			);
			dependencies = (
			);
			name = "Assesment2 iOS";
			productName = "Assesment2 iOS";
			productReference = F29297692177859C007FBA46 /* Assesment2 iOS.app */;
			productType = "com.apple.product-type.application";
		};
/* End PBXNativeTarget section */

/* Begin PBXProject section */
		F29297612177859C007FBA46 /* Project object */ = {
			isa = PBXProject;
			attributes = {
				LastSwiftUpdateCheck = 1000;
				LastUpgradeCheck = 1000;
				ORGANIZATIONNAME = "Sawyer Cherry";
				TargetAttributes = {
					F29297682177859C007FBA46 = {
						CreatedOnToolsVersion = 10.0;
					};
				};
			};
			buildConfigurationList = F29297642177859C007FBA46 /* Build configuration list for PBXProject "Assesment2 iOS" */;
			compatibilityVersion = "Xcode 9.3";
			developmentRegion = en;
			hasScannedForEncodings = 0;
			knownRegions = (
				en,
				Base,
			);
			mainGroup = F29297602177859C007FBA46;
			productRefGroup = F292976A2177859C007FBA46 /* Products */;
			projectDirPath = "";
			projectRoot = "";
			targets = (
				F29297682177859C007FBA46 /* Assesment2 iOS */,
			);
		};
/* End PBXProject section */

/* Begin PBXResourcesBuildPhase section */
		F29297672177859C007FBA46 /* Resources */ = {
			isa = PBXResourcesBuildPhase;
			buildActionMask = 2147483647;
			files = (
				F29297772177859D007FBA46 /* LaunchScreen.storyboard in Resources */,
				F29297742177859D007FBA46 /* Assets.xcassets in Resources */,
				F29297722177859C007FBA46 /* Main.storyboard in Resources */,
			);
			runOnlyForDeploymentPostprocessing = 0;
		};
/* End PBXResourcesBuildPhase section */

/* Begin PBXSourcesBuildPhase section */
		F29297652177859C007FBA46 /* Sources */ = {
			isa = PBXSourcesBuildPhase;
			buildActionMask = 2147483647;
			files = (
				F292977F21778BC6007FBA46 /* PersonClass.swift in Sources */,
				F292976F2177859C007FBA46 /* ViewController.swift in Sources */,
				F292976D2177859C007FBA46 /* AppDelegate.swift in Sources */,
			);
			runOnlyForDeploymentPostprocessing = 0;
		};
/* End PBXSourcesBuildPhase section */

/* Begin PBXVariantGroup section */
		F29297702177859C007FBA46 /* Main.storyboard */ = {
			isa = PBXVariantGroup;
			children = (
				F29297712177859C007FBA46 /* Base */,
			);
			name = Main.storyboard;
			sourceTree = "<group>";
		};
		F29297752177859D007FBA46 /* LaunchScreen.storyboard */ = {
			isa = PBXVariantGroup;
			children = (
				F29297762177859D007FBA46 /* Base */,
			);
			name = LaunchScreen.storyboard;
			sourceTree = "<group>";
		};
/* End PBXVariantGroup section */

/* Begin XCBuildConfiguration section */
		F29297792177859D007FBA46 /* Debug */ = {
			isa = XCBuildConfiguration;
			buildSettings = {
				ALWAYS_SEARCH_USER_PATHS = NO;
				CLANG_ANALYZER_NONNULL = YES;
				CLANG_ANALYZER_NUMBER_OBJECT_CONVERSION = YES_AGGRESSIVE;
				CLANG_CXX_LANGUAGE_STANDARD = "gnu++14";
				CLANG_CXX_LIBRARY = "libc++";
				CLANG_ENABLE_MODULES = YES;
				CLANG_ENABLE_OBJC_ARC = YES;
				CLANG_ENABLE_OBJC_WEAK = YES;
				CLANG_WARN_BLOCK_CAPTURE_AUTORELEASING = YES;
				CLANG_WARN_BOOL_CONVERSION = YES;
				CLANG_WARN_COMMA = YES;
				CLANG_WARN_CONSTANT_CONVERSION = YES;
				CLANG_WARN_DEPRECATED_OBJC_IMPLEMENTATIONS = YES;
				CLANG_WARN_DIRECT_OBJC_ISA_USAGE = YES_ERROR;
				CLANG_WARN_DOCUMENTATION_COMMENTS = YES;
				CLANG_WARN_EMPTY_BODY = YES;
				CLANG_WARN_ENUM_CONVERSION = YES;
				CLANG_WARN_INFINITE_RECURSION = YES;
				CLANG_WARN_INT_CONVERSION = YES;
				CLANG_WARN_NON_LITERAL_NULL_CONVERSION = YES;
				CLANG_WARN_OBJC_IMPLICIT_RETAIN_SELF = YES;
				CLANG_WARN_OBJC_LITERAL_CONVERSION = YES;
				CLANG_WARN_OBJC_ROOT_CLASS = YES_ERROR;
				CLANG_WARN_RANGE_LOOP_ANALYSIS = YES;
				CLANG_WARN_STRICT_PROTOTYPES = YES;
				CLANG_WARN_SUSPICIOUS_MOVE = YES;
				CLANG_WARN_UNGUARDED_AVAILABILITY = YES_AGGRESSIVE;
				CLANG_WARN_UNREACHABLE_CODE = YES;
				CLANG_WARN__DUPLICATE_METHOD_MATCH = YES;
				CODE_SIGN_IDENTITY = "iPhone Developer";
				COPY_PHASE_STRIP = NO;
				DEBUG_INFORMATION_FORMAT = dwarf;
				ENABLE_STRICT_OBJC_MSGSEND = YES;
				ENABLE_TESTABILITY = YES;
				GCC_C_LANGUAGE_STANDARD = gnu11;
				GCC_DYNAMIC_NO_PIC = NO;
				GCC_NO_COMMON_BLOCKS = YES;
				GCC_OPTIMIZATION_LEVEL = 0;
				GCC_PREPROCESSOR_DEFINITIONS = (
					"DEBUG=1",
					"$(inherited)",
				);
				GCC_WARN_64_TO_32_BIT_CONVERSION = YES;
				GCC_WARN_ABOUT_RETURN_TYPE = YES_ERROR;
				GCC_WARN_UNDECLARED_SELECTOR = YES;
				GCC_WARN_UNINITIALIZED_AUTOS = YES_AGGRESSIVE;
				GCC_WARN_UNUSED_FUNCTION = YES;
				GCC_WARN_UNUSED_VARIABLE = YES;
				IPHONEOS_DEPLOYMENT_TARGET = 12.0;
				MTL_ENABLE_DEBUG_INFO = INCLUDE_SOURCE;
				MTL_FAST_MATH = YES;
				ONLY_ACTIVE_ARCH = YES;
				SDKROOT = iphoneos;
				SWIFT_ACTIVE_COMPILATION_CONDITIONS = DEBUG;
				SWIFT_OPTIMIZATION_LEVEL = "-Onone";
			};
			name = Debug;
		};
		F292977A2177859D007FBA46 /* Release */ = {
			isa = XCBuildConfiguration;
			buildSettings = {
				ALWAYS_SEARCH_USER_PATHS = NO;
				CLANG_ANALYZER_NONNULL = YES;
				CLANG_ANALYZER_NUMBER_OBJECT_CONVERSION = YES_AGGRESSIVE;
				CLANG_CXX_LANGUAGE_STANDARD = "gnu++14";
				CLANG_CXX_LIBRARY = "libc++";
				CLANG_ENABLE_MODULES = YES;
				CLANG_ENABLE_OBJC_ARC = YES;
				CLANG_ENABLE_OBJC_WEAK = YES;
				CLANG_WARN_BLOCK_CAPTURE_AUTORELEASING = YES;
				CLANG_WARN_BOOL_CONVERSION = YES;
				CLANG_WARN_COMMA = YES;
				CLANG_WARN_CONSTANT_CONVERSION = YES;
				CLANG_WARN_DEPRECATED_OBJC_IMPLEMENTATIONS = YES;
				CLANG_WARN_DIRECT_OBJC_ISA_USAGE = YES_ERROR;
				CLANG_WARN_DOCUMENTATION_COMMENTS = YES;
				CLANG_WARN_EMPTY_BODY = YES;
				CLANG_WARN_ENUM_CONVERSION = YES;
				CLANG_WARN_INFINITE_RECURSION = YES;
				CLANG_WARN_INT_CONVERSION = YES;
				CLANG_WARN_NON_LITERAL_NULL_CONVERSION = YES;
				CLANG_WARN_OBJC_IMPLICIT_RETAIN_SELF = YES;
				CLANG_WARN_OBJC_LITERAL_CONVERSION = YES;
				CLANG_WARN_OBJC_ROOT_CLASS = YES_ERROR;
				CLANG_WARN_RANGE_LOOP_ANALYSIS = YES;
				CLANG_WARN_STRICT_PROTOTYPES = YES;
				CLANG_WARN_SUSPICIOUS_MOVE = YES;
				CLANG_WARN_UNGUARDED_AVAILABILITY = YES_AGGRESSIVE;
				CLANG_WARN_UNREACHABLE_CODE = YES;
				CLANG_WARN__DUPLICATE_METHOD_MATCH = YES;
				CODE_SIGN_IDENTITY = "iPhone Developer";
				COPY_PHASE_STRIP = NO;
				DEBUG_INFORMATION_FORMAT = "dwarf-with-dsym";
				ENABLE_NS_ASSERTIONS = NO;
				ENABLE_STRICT_OBJC_MSGSEND = YES;
				GCC_C_LANGUAGE_STANDARD = gnu11;
				GCC_NO_COMMON_BLOCKS = YES;
				GCC_WARN_64_TO_32_BIT_CONVERSION = YES;
				GCC_WARN_ABOUT_RETURN_TYPE = YES_ERROR;
				GCC_WARN_UNDECLARED_SELECTOR = YES;
				GCC_WARN_UNINITIALIZED_AUTOS = YES_AGGRESSIVE;
				GCC_WARN_UNUSED_FUNCTION = YES;
				GCC_WARN_UNUSED_VARIABLE = YES;
				IPHONEOS_DEPLOYMENT_TARGET = 12.0;
				MTL_ENABLE_DEBUG_INFO = NO;
				MTL_FAST_MATH = YES;
				SDKROOT = iphoneos;
				SWIFT_COMPILATION_MODE = wholemodule;
				SWIFT_OPTIMIZATION_LEVEL = "-O";
				VALIDATE_PRODUCT = YES;
			};
			name = Release;
		};
		F292977C2177859D007FBA46 /* Debug */ = {
			isa = XCBuildConfiguration;
			buildSettings = {
				ASSETCATALOG_COMPILER_APPICON_NAME = AppIcon;
				CODE_SIGN_STYLE = Automatic;
				DEVELOPMENT_TEAM = GDUSYDN3AG;
				INFOPLIST_FILE = "Assesment2 iOS/Info.plist";
				LD_RUNPATH_SEARCH_PATHS = (
					"$(inherited)",
					"@executable_path/Frameworks",
				);
				PRODUCT_BUNDLE_IDENTIFIER = "com.interaptskills.Assesment2-iOS";
				PRODUCT_NAME = "$(TARGET_NAME)";
				SWIFT_VERSION = 4.2;
				TARGETED_DEVICE_FAMILY = "1,2";
			};
			name = Debug;
		};
		F292977D2177859D007FBA46 /* Release */ = {
			isa = XCBuildConfiguration;
			buildSettings = {
				ASSETCATALOG_COMPILER_APPICON_NAME = AppIcon;
				CODE_SIGN_STYLE = Automatic;
				DEVELOPMENT_TEAM = GDUSYDN3AG;
				INFOPLIST_FILE = "Assesment2 iOS/Info.plist";
				LD_RUNPATH_SEARCH_PATHS = (
					"$(inherited)",
					"@executable_path/Frameworks",
				);
				PRODUCT_BUNDLE_IDENTIFIER = "com.interaptskills.Assesment2-iOS";
				PRODUCT_NAME = "$(TARGET_NAME)";
				SWIFT_VERSION = 4.2;
				TARGETED_DEVICE_FAMILY = "1,2";
			};
			name = Release;
		};
/* End XCBuildConfiguration section */

/* Begin XCConfigurationList section */
		F29297642177859C007FBA46 /* Build configuration list for PBXProject "Assesment2 iOS" */ = {
			isa = XCConfigurationList;
			buildConfigurations = (
				F29297792177859D007FBA46 /* Debug */,
				F292977A2177859D007FBA46 /* Release */,
			);
			defaultConfigurationIsVisible = 0;
			defaultConfigurationName = Release;
		};
		F292977B2177859D007FBA46 /* Build configuration list for PBXNativeTarget "Assesment2 iOS" */ = {
			isa = XCConfigurationList;
			buildConfigurations = (
				F292977C2177859D007FBA46 /* Debug */,
				F292977D2177859D007FBA46 /* Release */,
			);
			defaultConfigurationIsVisible = 0;
			defaultConfigurationName = Release;
		};
/* End XCConfigurationList section */
	};
	rootObject = F29297612177859C007FBA46 /* Project object */;
}
